
Microsoft Visual Studio Solution File, Format Version 12.00
# Visual Studio 14
VisualStudioVersion = 14.0.25420.1
MinimumVisualStudioVersion = 10.0.40219.1
Project("{FAE04EC0-301F-11D3-BF4B-00C04F79EFBC}") = "Lab.Threads.Basic", "Giovanebribeiro.Lab\Lab.Threads.Basic.csproj", "{58C2FF29-AB83-4E3C-83E3-B647B5BE688C}"
EndProject
Project("{2150E333-8FDC-42A3-9474-1A3956D46DE8}") = "Threads", "Threads", "{3055A533-0B46-42D2-85CE-D8132522B9B9}"
EndProject
Project("{FAE04EC0-301F-11D3-BF4B-00C04F79EFBC}") = "Lab.Threads.ProducerConsumer", "Lab.Threads.ProducerConsumer\Lab.Threads.ProducerConsumer.csproj", "{70C8DE58-E2E4-40A2-A8CF-9BBEC51ADE58}"
EndProject
Project("{2150E333-8FDC-42A3-9474-1A3956D46DE8}") = "MEF", "MEF", "{55BB3546-111B-4941-8EFD-7072A3E6E1E8}"
EndProject
Project("{FAE04EC0-301F-11D3-BF4B-00C04F79EFBC}") = "Lab.MEF.Calculator", "Lab.MEF.Calculator\Lab.MEF.Calculator.csproj", "{B43C5821-277E-47AD-8ABC-E308092FA9E8}"
EndProject
Project("{2150E333-8FDC-42A3-9474-1A3956D46DE8}") = "MAF", "MAF", "{A377A46E-0071-4246-AC98-3144460BCF1B}"
EndProject
Project("{2150E333-8FDC-42A3-9474-1A3956D46DE8}") = "VSExtensions", "VSExtensions", "{B3AD46FE-6AA8-478F-83F1-984ED0D2F98B}"
EndProject
Project("{FAE04EC0-301F-11D3-BF4B-00C04F79EFBC}") = "MyWinFormsControl", "MyWinFormsControl\MyWinFormsControl.csproj", "{40AA80B5-920D-424A-A00F-2DD702E3F33C}"
EndProject
Project("{FAE04EC0-301F-11D3-BF4B-00C04F79EFBC}") = "OpenDialogTest", "OpenDialogTest\OpenDialogTest.csproj", "{F627C6A5-0005-430E-B193-F97B512D8696}"
EndProject
Project("{FAE04EC0-301F-11D3-BF4B-00C04F79EFBC}") = "Lab.MAF.Translator.Contract", "Lab.MAF.Translator.Contract\Lab.MAF.Translator.Contract.csproj", "{999CCFF4-412F-4DEF-BAF7-F1C0C622E34E}"
EndProject
Project("{FAE04EC0-301F-11D3-BF4B-00C04F79EFBC}") = "Lab.MAF.Translator.HostView", "Lab.MAF.Translator.HostView\Lab.MAF.Translator.HostView.csproj", "{76EE41E2-822B-48A6-97C1-7F5617A3F25E}"
EndProject
Project("{FAE04EC0-301F-11D3-BF4B-00C04F79EFBC}") = "Lab.MAF.Translator.AddInView", "Lab.MAF.Translator.AddInView\Lab.MAF.Translator.AddInView.csproj", "{F2018A21-F6E9-4E02-A200-4A0B4EACB991}"
EndProject
Project("{FAE04EC0-301F-11D3-BF4B-00C04F79EFBC}") = "Lab.MAF.Translator.HostAdapter", "Lab.MAF.Translator.HostAdapter\Lab.MAF.Translator.HostAdapter.csproj", "{7FB8DC56-23FC-4C15-A5BD-209D493798C0}"
EndProject
Project("{FAE04EC0-301F-11D3-BF4B-00C04F79EFBC}") = "Lab.MAF.Translator.AddInAdapter", "Lab.MAF.Translator.AddInAdapter\Lab.MAF.Translator.AddInAdapter.csproj", "{05ECCE4C-84D9-4575-826E-21E0368E4668}"
EndProject
Global
	GlobalSection(SolutionConfigurationPlatforms) = preSolution
		Debug|Any CPU = Debug|Any CPU
		Release|Any CPU = Release|Any CPU
	EndGlobalSection
	GlobalSection(ProjectConfigurationPlatforms) = postSolution
		{58C2FF29-AB83-4E3C-83E3-B647B5BE688C}.Debug|Any CPU.ActiveCfg = Debug|Any CPU
		{58C2FF29-AB83-4E3C-83E3-B647B5BE688C}.Debug|Any CPU.Build.0 = Debug|Any CPU
		{58C2FF29-AB83-4E3C-83E3-B647B5BE688C}.Release|Any CPU.ActiveCfg = Release|Any CPU
		{58C2FF29-AB83-4E3C-83E3-B647B5BE688C}.Release|Any CPU.Build.0 = Release|Any CPU
		{70C8DE58-E2E4-40A2-A8CF-9BBEC51ADE58}.Debug|Any CPU.ActiveCfg = Debug|Any CPU
		{70C8DE58-E2E4-40A2-A8CF-9BBEC51ADE58}.Debug|Any CPU.Build.0 = Debug|Any CPU
		{70C8DE58-E2E4-40A2-A8CF-9BBEC51ADE58}.Release|Any CPU.ActiveCfg = Release|Any CPU
		{70C8DE58-E2E4-40A2-A8CF-9BBEC51ADE58}.Release|Any CPU.Build.0 = Release|Any CPU
		{B43C5821-277E-47AD-8ABC-E308092FA9E8}.Debug|Any CPU.ActiveCfg = Debug|Any CPU
		{B43C5821-277E-47AD-8ABC-E308092FA9E8}.Debug|Any CPU.Build.0 = Debug|Any CPU
		{B43C5821-277E-47AD-8ABC-E308092FA9E8}.Release|Any CPU.ActiveCfg = Release|Any CPU
		{B43C5821-277E-47AD-8ABC-E308092FA9E8}.Release|Any CPU.Build.0 = Release|Any CPU
		{40AA80B5-920D-424A-A00F-2DD702E3F33C}.Debug|Any CPU.ActiveCfg = Debug|Any CPU
		{40AA80B5-920D-424A-A00F-2DD702E3F33C}.Debug|Any CPU.Build.0 = Debug|Any CPU
		{40AA80B5-920D-424A-A00F-2DD702E3F33C}.Release|Any CPU.ActiveCfg = Release|Any CPU
		{40AA80B5-920D-424A-A00F-2DD702E3F33C}.Release|Any CPU.Build.0 = Release|Any CPU
		{F627C6A5-0005-430E-B193-F97B512D8696}.Debug|Any CPU.ActiveCfg = Debug|Any CPU
		{F627C6A5-0005-430E-B193-F97B512D8696}.Debug|Any CPU.Build.0 = Debug|Any CPU
		{F627C6A5-0005-430E-B193-F97B512D8696}.Release|Any CPU.ActiveCfg = Release|Any CPU
		{F627C6A5-0005-430E-B193-F97B512D8696}.Release|Any CPU.Build.0 = Release|Any CPU
		{999CCFF4-412F-4DEF-BAF7-F1C0C622E34E}.Debug|Any CPU.ActiveCfg = Debug|Any CPU
		{999CCFF4-412F-4DEF-BAF7-F1C0C622E34E}.Debug|Any CPU.Build.0 = Debug|Any CPU
		{999CCFF4-412F-4DEF-BAF7-F1C0C622E34E}.Release|Any CPU.ActiveCfg = Release|Any CPU
		{999CCFF4-412F-4DEF-BAF7-F1C0C622E34E}.Release|Any CPU.Build.0 = Release|Any CPU
		{76EE41E2-822B-48A6-97C1-7F5617A3F25E}.Debug|Any CPU.ActiveCfg = Debug|Any CPU
		{76EE41E2-822B-48A6-97C1-7F5617A3F25E}.Debug|Any CPU.Build.0 = Debug|Any CPU
		{76EE41E2-822B-48A6-97C1-7F5617A3F25E}.Release|Any CPU.ActiveCfg = Release|Any CPU
		{76EE41E2-822B-48A6-97C1-7F5617A3F25E}.Release|Any CPU.Build.0 = Release|Any CPU
		{F2018A21-F6E9-4E02-A200-4A0B4EACB991}.Debug|Any CPU.ActiveCfg = Debug|Any CPU
		{F2018A21-F6E9-4E02-A200-4A0B4EACB991}.Debug|Any CPU.Build.0 = Debug|Any CPU
		{F2018A21-F6E9-4E02-A200-4A0B4EACB991}.Release|Any CPU.ActiveCfg = Release|Any CPU
		{F2018A21-F6E9-4E02-A200-4A0B4EACB991}.Release|Any CPU.Build.0 = Release|Any CPU
		{7FB8DC56-23FC-4C15-A5BD-209D493798C0}.Debug|Any CPU.ActiveCfg = Debug|Any CPU
		{7FB8DC56-23FC-4C15-A5BD-209D493798C0}.Debug|Any CPU.Build.0 = Debug|Any CPU
		{7FB8DC56-23FC-4C15-A5BD-209D493798C0}.Release|Any CPU.ActiveCfg = Release|Any CPU
		{7FB8DC56-23FC-4C15-A5BD-209D493798C0}.Release|Any CPU.Build.0 = Release|Any CPU
		{05ECCE4C-84D9-4575-826E-21E0368E4668}.Debug|Any CPU.ActiveCfg = Debug|Any CPU
		{05ECCE4C-84D9-4575-826E-21E0368E4668}.Debug|Any CPU.Build.0 = Debug|Any CPU
		{05ECCE4C-84D9-4575-826E-21E0368E4668}.Release|Any CPU.ActiveCfg = Release|Any CPU
		{05ECCE4C-84D9-4575-826E-21E0368E4668}.Release|Any CPU.Build.0 = Release|Any CPU
	EndGlobalSection
	GlobalSection(SolutionProperties) = preSolution
		HideSolutionNode = FALSE
	EndGlobalSection
	GlobalSection(NestedProjects) = preSolution
		{58C2FF29-AB83-4E3C-83E3-B647B5BE688C} = {3055A533-0B46-42D2-85CE-D8132522B9B9}
		{70C8DE58-E2E4-40A2-A8CF-9BBEC51ADE58} = {3055A533-0B46-42D2-85CE-D8132522B9B9}
		{B43C5821-277E-47AD-8ABC-E308092FA9E8} = {55BB3546-111B-4941-8EFD-7072A3E6E1E8}
		{40AA80B5-920D-424A-A00F-2DD702E3F33C} = {B3AD46FE-6AA8-478F-83F1-984ED0D2F98B}
		{F627C6A5-0005-430E-B193-F97B512D8696} = {B3AD46FE-6AA8-478F-83F1-984ED0D2F98B}
		{999CCFF4-412F-4DEF-BAF7-F1C0C622E34E} = {A377A46E-0071-4246-AC98-3144460BCF1B}
		{76EE41E2-822B-48A6-97C1-7F5617A3F25E} = {A377A46E-0071-4246-AC98-3144460BCF1B}
		{F2018A21-F6E9-4E02-A200-4A0B4EACB991} = {A377A46E-0071-4246-AC98-3144460BCF1B}
		{7FB8DC56-23FC-4C15-A5BD-209D493798C0} = {A377A46E-0071-4246-AC98-3144460BCF1B}
		{05ECCE4C-84D9-4575-826E-21E0368E4668} = {A377A46E-0071-4246-AC98-3144460BCF1B}
	EndGlobalSection
EndGlobal
