
Microsoft Visual Studio Solution File, Format Version 12.00
# Visual Studio 14
VisualStudioVersion = 14.0.24720.0
MinimumVisualStudioVersion = 10.0.40219.1
Project("{FAE04EC0-301F-11D3-BF4B-00C04F79EFBC}") = "Lab.Threads.Basic", "Giovanebribeiro.Lab\Lab.Threads.Basic.csproj", "{58C2FF29-AB83-4E3C-83E3-B647B5BE688C}"
EndProject
Project("{2150E333-8FDC-42A3-9474-1A3956D46DE8}") = "Threads", "Threads", "{3055A533-0B46-42D2-85CE-D8132522B9B9}"
EndProject
Global
	GlobalSection(SolutionConfigurationPlatforms) = preSolution
		Debug|Any CPU = Debug|Any CPU
		Release|Any CPU = Release|Any CPU
	EndGlobalSection
	GlobalSection(ProjectConfigurationPlatforms) = postSolution
		{58C2FF29-AB83-4E3C-83E3-B647B5BE688C}.Debug|Any CPU.ActiveCfg = Debug|Any CPU
		{58C2FF29-AB83-4E3C-83E3-B647B5BE688C}.Debug|Any CPU.Build.0 = Debug|Any CPU
		{58C2FF29-AB83-4E3C-83E3-B647B5BE688C}.Release|Any CPU.ActiveCfg = Release|Any CPU
		{58C2FF29-AB83-4E3C-83E3-B647B5BE688C}.Release|Any CPU.Build.0 = Release|Any CPU
	EndGlobalSection
	GlobalSection(SolutionProperties) = preSolution
		HideSolutionNode = FALSE
	EndGlobalSection
	GlobalSection(NestedProjects) = preSolution
		{58C2FF29-AB83-4E3C-83E3-B647B5BE688C} = {3055A533-0B46-42D2-85CE-D8132522B9B9}
	EndGlobalSection
EndGlobal
