
Microsoft Visual Studio Solution File, Format Version 12.00
# Visual Studio 14
VisualStudioVersion = 14.0.25420.1
MinimumVisualStudioVersion = 10.0.40219.1
Project("{FAE04EC0-301F-11D3-BF4B-00C04F79EFBC}") = "Lab.Threads.Basic", "Giovanebribeiro.Lab\Lab.Threads.Basic.csproj", "{58C2FF29-AB83-4E3C-83E3-B647B5BE688C}"
EndProject
Project("{2150E333-8FDC-42A3-9474-1A3956D46DE8}") = "Threads", "Threads", "{3055A533-0B46-42D2-85CE-D8132522B9B9}"
EndProject
Project("{FAE04EC0-301F-11D3-BF4B-00C04F79EFBC}") = "Lab.Threads.ProducerConsumer", "Lab.Threads.ProducerConsumer\Lab.Threads.ProducerConsumer.csproj", "{70C8DE58-E2E4-40A2-A8CF-9BBEC51ADE58}"
EndProject
Project("{2150E333-8FDC-42A3-9474-1A3956D46DE8}") = "MEF", "MEF", "{55BB3546-111B-4941-8EFD-7072A3E6E1E8}"
EndProject
Project("{FAE04EC0-301F-11D3-BF4B-00C04F79EFBC}") = "Lab.MEF.Calculator", "Lab.MEF.Calculator\Lab.MEF.Calculator.csproj", "{B43C5821-277E-47AD-8ABC-E308092FA9E8}"
EndProject
Project("{FAE04EC0-301F-11D3-BF4B-00C04F79EFBC}") = "Lab.MEF.Calculator.Operations.Mult", "Lab.MEF.Calculator.Operations.Mult\Lab.MEF.Calculator.Operations.Mult.csproj", "{A1963FFF-0BE0-41CB-908F-90678B67B723}"
EndProject
Project("{FAE04EC0-301F-11D3-BF4B-00C04F79EFBC}") = "Lab.MEF.Calculator.API", "Lab.MEF.Calculator.API\Lab.MEF.Calculator.API.csproj", "{50EA01DB-E1B5-4C69-A112-4F961793A634}"
EndProject
Project("{FAE04EC0-301F-11D3-BF4B-00C04F79EFBC}") = "Lib.MEF.Calculator.Operations.Div", "Lib.MEF.Calculator.Operations.Div\Lib.MEF.Calculator.Operations.Div.csproj", "{FDE402D1-CB0B-4EA1-B98A-AFF2878E7F8A}"
EndProject
Project("{2150E333-8FDC-42A3-9474-1A3956D46DE8}") = "MEF.AppDomain", "MEF.AppDomain", "{24639093-917A-4F0E-A363-E17F1CE3EB9C}"
EndProject
Project("{FAE04EC0-301F-11D3-BF4B-00C04F79EFBC}") = "Lab.MEF.AppDomainTest.App", "Lab.MEF.AppDomainTest.App\Lab.MEF.AppDomainTest.App.csproj", "{E16314AC-1B68-4525-9F9A-3BD09B748F17}"
EndProject
Project("{FAE04EC0-301F-11D3-BF4B-00C04F79EFBC}") = "Lab.MEF.AppDomainTest.API", "Lab.MEF.AppDomainTest.API\Lab.MEF.AppDomainTest.API.csproj", "{EEF406AD-6A48-4F7D-8737-2B5AA54A5DF0}"
EndProject
Project("{FAE04EC0-301F-11D3-BF4B-00C04F79EFBC}") = "Lab.MEF.AppDomainTest.Plugin1", "Lab.MEF.AppDomainTest.Plugin1\Lab.MEF.AppDomainTest.Plugin1.csproj", "{96D60A6F-D7CD-46E0-84A5-F9D8B0F6C505}"
EndProject
Project("{FAE04EC0-301F-11D3-BF4B-00C04F79EFBC}") = "Lab.MEF.AppDomainTest.Plugin2", "Lab.MEF.AppDomainTest.Plugin2\Lab.MEF.AppDomainTest.Plugin2.csproj", "{96642620-2AF0-4D48-BBC7-169B46E3A0E7}"
EndProject
Project("{FAE04EC0-301F-11D3-BF4B-00C04F79EFBC}") = "Lab.MEF.AppDomainTest.Runner", "Lab.MEF.AppDomainTest.Runner\Lab.MEF.AppDomainTest.Runner.csproj", "{EC9DCC1C-82C6-415A-BE8F-9E45F1FB42AB}"
EndProject
Project("{2150E333-8FDC-42A3-9474-1A3956D46DE8}") = "Timers", "Timers", "{01AE2F2F-210F-4C1F-AC08-83CA6AD76356}"
EndProject
Project("{FAE04EC0-301F-11D3-BF4B-00C04F79EFBC}") = "Lab.Timers.App", "Lab.Timers.App\Lab.Timers.App.csproj", "{A61B28E1-2CCA-42F4-9979-E9FCDFD873A8}"
EndProject
Project("{FAE04EC0-301F-11D3-BF4B-00C04F79EFBC}") = "Lab.MAF.Calculator.Contract", "Lab.MAF.Calculator.Contract\Lab.MAF.Calculator.Contract.csproj", "{596934AF-7AB0-46E9-BF01-735D80FDD6D0}"
EndProject
Project("{FAE04EC0-301F-11D3-BF4B-00C04F79EFBC}") = "Lab.MAF.Calculator.AddInView", "Lab.MAF.Calculator.AddInView\Lab.MAF.Calculator.AddInView.csproj", "{4F902160-5317-4E03-BE6D-F9DADA45106A}"
EndProject
Project("{FAE04EC0-301F-11D3-BF4B-00C04F79EFBC}") = "Lab.MAF.Calculator.HostView", "Lab.MAF.Calculator.HostView\Lab.MAF.Calculator.HostView.csproj", "{D0C1F965-4ED2-41C4-928E-886CC70C6BFB}"
EndProject
Project("{FAE04EC0-301F-11D3-BF4B-00C04F79EFBC}") = "Lab.MAF.Calculator.AddInAdapter", "Lab.MAF.Calculator.AddInAdapter\Lab.MAF.Calculator.AddInAdapter.csproj", "{77A27CFA-8CCB-4B56-8BEE-D488F2844B3E}"
EndProject
Project("{FAE04EC0-301F-11D3-BF4B-00C04F79EFBC}") = "Lab.MAF.Calculator.HostAdapter", "Lab.MAF.Calculator.HostAdapter\Lab.MAF.Calculator.HostAdapter.csproj", "{21187D25-78A6-466A-AEFF-3AF64CE3F073}"
EndProject
Project("{2150E333-8FDC-42A3-9474-1A3956D46DE8}") = "MAF", "MAF", "{CC937C1D-3396-44D8-9A5E-A53E68D75BB0}"
EndProject
Project("{FAE04EC0-301F-11D3-BF4B-00C04F79EFBC}") = "Lab.MAF.Calculator.Host", "Lab.MAF.Calculator.Host\Lab.MAF.Calculator.Host.csproj", "{663A78E3-F0DD-4533-8AE4-FDAA7EA4475B}"
EndProject
Project("{FAE04EC0-301F-11D3-BF4B-00C04F79EFBC}") = "Lab.MAF.Calculator.AddInCalc", "Lab.MAF.Calculator.AddInCalc\Lab.MAF.Calculator.AddInCalc.csproj", "{F693B022-B1AD-404F-855D-B8AFBB24D8A6}"
EndProject
Project("{2150E333-8FDC-42A3-9474-1A3956D46DE8}") = "AddIns", "AddIns", "{8E91232E-A320-477B-BDA7-293FDF0ED4C5}"
EndProject
Project("{2150E333-8FDC-42A3-9474-1A3956D46DE8}") = "Pipeline", "Pipeline", "{6A7DDB42-1991-4DA2-A8D3-AC9194D8C0AC}"
EndProject
Project("{2150E333-8FDC-42A3-9474-1A3956D46DE8}") = "Quartz", "Quartz", "{CFEC3055-DF5A-4C1F-BFE6-81162ED27E7E}"
EndProject
Project("{FAE04EC0-301F-11D3-BF4B-00C04F79EFBC}") = "Lab.Quartz.Test", "Lab.Quartz.Test\Lab.Quartz.Test.csproj", "{6377DE1F-8B5C-4EC2-A626-741F6DA172B8}"
EndProject
Project("{2150E333-8FDC-42A3-9474-1A3956D46DE8}") = "RestAPI", "RestAPI", "{954B83F8-0587-4658-BD77-CE1ADC2BA260}"
EndProject
Project("{FAE04EC0-301F-11D3-BF4B-00C04F79EFBC}") = "Lab.DAL.Models", "Lab.DAL.Models\Lab.DAL.Models.csproj", "{1EE2E9DB-615A-4ACC-B377-5967DB2C8047}"
EndProject
Project("{FAE04EC0-301F-11D3-BF4B-00C04F79EFBC}") = "Lab.DAL.Context", "Lab.DAL.Context\Lab.DAL.Context.csproj", "{4A9521B0-5D18-4D36-B769-8C4F507FF1B5}"
EndProject
Project("{8BB2217D-0F2D-49D1-97BC-3654ED321F3B}") = "Lab.RestAPI", "Lab.RestAPI\Lab.RestAPI.xproj", "{44C3AA83-8D24-4F42-A18A-C980942D23E5}"
EndProject
Project("{2150E333-8FDC-42A3-9474-1A3956D46DE8}") = "IPC", "IPC", "{245F88F7-053B-4BF6-9791-CD0F2F865DF7}"
EndProject
Project("{FAE04EC0-301F-11D3-BF4B-00C04F79EFBC}") = "Lab.IPC.NamedPipes.Server", "Lab.IPC.NamedPipes.Server\Lab.IPC.NamedPipes.Server.csproj", "{207E0A28-2AD7-4290-BC99-16F6CEA21970}"
EndProject
Project("{FAE04EC0-301F-11D3-BF4B-00C04F79EFBC}") = "Lab.IPC.NamedPipes.Client", "Lab.IPC.NamedPipes.Client\Lab.IPC.NamedPipes.Client.csproj", "{5A8964A0-D5C1-4676-A4FA-9F3253FDAEC0}"
EndProject
Global
	GlobalSection(SolutionConfigurationPlatforms) = preSolution
		Debug|Any CPU = Debug|Any CPU
		Release|Any CPU = Release|Any CPU
	EndGlobalSection
	GlobalSection(ProjectConfigurationPlatforms) = postSolution
		{58C2FF29-AB83-4E3C-83E3-B647B5BE688C}.Debug|Any CPU.ActiveCfg = Debug|Any CPU
		{58C2FF29-AB83-4E3C-83E3-B647B5BE688C}.Debug|Any CPU.Build.0 = Debug|Any CPU
		{58C2FF29-AB83-4E3C-83E3-B647B5BE688C}.Release|Any CPU.ActiveCfg = Release|Any CPU
		{58C2FF29-AB83-4E3C-83E3-B647B5BE688C}.Release|Any CPU.Build.0 = Release|Any CPU
		{70C8DE58-E2E4-40A2-A8CF-9BBEC51ADE58}.Debug|Any CPU.ActiveCfg = Debug|Any CPU
		{70C8DE58-E2E4-40A2-A8CF-9BBEC51ADE58}.Debug|Any CPU.Build.0 = Debug|Any CPU
		{70C8DE58-E2E4-40A2-A8CF-9BBEC51ADE58}.Release|Any CPU.ActiveCfg = Release|Any CPU
		{70C8DE58-E2E4-40A2-A8CF-9BBEC51ADE58}.Release|Any CPU.Build.0 = Release|Any CPU
		{B43C5821-277E-47AD-8ABC-E308092FA9E8}.Debug|Any CPU.ActiveCfg = Debug|Any CPU
		{B43C5821-277E-47AD-8ABC-E308092FA9E8}.Debug|Any CPU.Build.0 = Debug|Any CPU
		{B43C5821-277E-47AD-8ABC-E308092FA9E8}.Release|Any CPU.ActiveCfg = Release|Any CPU
		{B43C5821-277E-47AD-8ABC-E308092FA9E8}.Release|Any CPU.Build.0 = Release|Any CPU
		{A1963FFF-0BE0-41CB-908F-90678B67B723}.Debug|Any CPU.ActiveCfg = Debug|Any CPU
		{A1963FFF-0BE0-41CB-908F-90678B67B723}.Debug|Any CPU.Build.0 = Debug|Any CPU
		{A1963FFF-0BE0-41CB-908F-90678B67B723}.Release|Any CPU.ActiveCfg = Release|Any CPU
		{A1963FFF-0BE0-41CB-908F-90678B67B723}.Release|Any CPU.Build.0 = Release|Any CPU
		{50EA01DB-E1B5-4C69-A112-4F961793A634}.Debug|Any CPU.ActiveCfg = Debug|Any CPU
		{50EA01DB-E1B5-4C69-A112-4F961793A634}.Debug|Any CPU.Build.0 = Debug|Any CPU
		{50EA01DB-E1B5-4C69-A112-4F961793A634}.Release|Any CPU.ActiveCfg = Release|Any CPU
		{50EA01DB-E1B5-4C69-A112-4F961793A634}.Release|Any CPU.Build.0 = Release|Any CPU
		{FDE402D1-CB0B-4EA1-B98A-AFF2878E7F8A}.Debug|Any CPU.ActiveCfg = Debug|Any CPU
		{FDE402D1-CB0B-4EA1-B98A-AFF2878E7F8A}.Debug|Any CPU.Build.0 = Debug|Any CPU
		{FDE402D1-CB0B-4EA1-B98A-AFF2878E7F8A}.Release|Any CPU.ActiveCfg = Release|Any CPU
		{FDE402D1-CB0B-4EA1-B98A-AFF2878E7F8A}.Release|Any CPU.Build.0 = Release|Any CPU
		{E16314AC-1B68-4525-9F9A-3BD09B748F17}.Debug|Any CPU.ActiveCfg = Debug|Any CPU
		{E16314AC-1B68-4525-9F9A-3BD09B748F17}.Debug|Any CPU.Build.0 = Debug|Any CPU
		{E16314AC-1B68-4525-9F9A-3BD09B748F17}.Release|Any CPU.ActiveCfg = Release|Any CPU
		{E16314AC-1B68-4525-9F9A-3BD09B748F17}.Release|Any CPU.Build.0 = Release|Any CPU
		{EEF406AD-6A48-4F7D-8737-2B5AA54A5DF0}.Debug|Any CPU.ActiveCfg = Debug|Any CPU
		{EEF406AD-6A48-4F7D-8737-2B5AA54A5DF0}.Debug|Any CPU.Build.0 = Debug|Any CPU
		{EEF406AD-6A48-4F7D-8737-2B5AA54A5DF0}.Release|Any CPU.ActiveCfg = Release|Any CPU
		{EEF406AD-6A48-4F7D-8737-2B5AA54A5DF0}.Release|Any CPU.Build.0 = Release|Any CPU
		{96D60A6F-D7CD-46E0-84A5-F9D8B0F6C505}.Debug|Any CPU.ActiveCfg = Debug|Any CPU
		{96D60A6F-D7CD-46E0-84A5-F9D8B0F6C505}.Debug|Any CPU.Build.0 = Debug|Any CPU
		{96D60A6F-D7CD-46E0-84A5-F9D8B0F6C505}.Release|Any CPU.ActiveCfg = Release|Any CPU
		{96D60A6F-D7CD-46E0-84A5-F9D8B0F6C505}.Release|Any CPU.Build.0 = Release|Any CPU
		{96642620-2AF0-4D48-BBC7-169B46E3A0E7}.Debug|Any CPU.ActiveCfg = Debug|Any CPU
		{96642620-2AF0-4D48-BBC7-169B46E3A0E7}.Debug|Any CPU.Build.0 = Debug|Any CPU
		{96642620-2AF0-4D48-BBC7-169B46E3A0E7}.Release|Any CPU.ActiveCfg = Release|Any CPU
		{96642620-2AF0-4D48-BBC7-169B46E3A0E7}.Release|Any CPU.Build.0 = Release|Any CPU
		{EC9DCC1C-82C6-415A-BE8F-9E45F1FB42AB}.Debug|Any CPU.ActiveCfg = Debug|Any CPU
		{EC9DCC1C-82C6-415A-BE8F-9E45F1FB42AB}.Debug|Any CPU.Build.0 = Debug|Any CPU
		{EC9DCC1C-82C6-415A-BE8F-9E45F1FB42AB}.Release|Any CPU.ActiveCfg = Release|Any CPU
		{EC9DCC1C-82C6-415A-BE8F-9E45F1FB42AB}.Release|Any CPU.Build.0 = Release|Any CPU
		{A61B28E1-2CCA-42F4-9979-E9FCDFD873A8}.Debug|Any CPU.ActiveCfg = Debug|Any CPU
		{A61B28E1-2CCA-42F4-9979-E9FCDFD873A8}.Debug|Any CPU.Build.0 = Debug|Any CPU
		{A61B28E1-2CCA-42F4-9979-E9FCDFD873A8}.Release|Any CPU.ActiveCfg = Release|Any CPU
		{A61B28E1-2CCA-42F4-9979-E9FCDFD873A8}.Release|Any CPU.Build.0 = Release|Any CPU
		{596934AF-7AB0-46E9-BF01-735D80FDD6D0}.Debug|Any CPU.ActiveCfg = Debug|Any CPU
		{596934AF-7AB0-46E9-BF01-735D80FDD6D0}.Debug|Any CPU.Build.0 = Debug|Any CPU
		{596934AF-7AB0-46E9-BF01-735D80FDD6D0}.Release|Any CPU.ActiveCfg = Release|Any CPU
		{596934AF-7AB0-46E9-BF01-735D80FDD6D0}.Release|Any CPU.Build.0 = Release|Any CPU
		{4F902160-5317-4E03-BE6D-F9DADA45106A}.Debug|Any CPU.ActiveCfg = Debug|Any CPU
		{4F902160-5317-4E03-BE6D-F9DADA45106A}.Debug|Any CPU.Build.0 = Debug|Any CPU
		{4F902160-5317-4E03-BE6D-F9DADA45106A}.Release|Any CPU.ActiveCfg = Release|Any CPU
		{4F902160-5317-4E03-BE6D-F9DADA45106A}.Release|Any CPU.Build.0 = Release|Any CPU
		{D0C1F965-4ED2-41C4-928E-886CC70C6BFB}.Debug|Any CPU.ActiveCfg = Debug|Any CPU
		{D0C1F965-4ED2-41C4-928E-886CC70C6BFB}.Debug|Any CPU.Build.0 = Debug|Any CPU
		{D0C1F965-4ED2-41C4-928E-886CC70C6BFB}.Release|Any CPU.ActiveCfg = Release|Any CPU
		{D0C1F965-4ED2-41C4-928E-886CC70C6BFB}.Release|Any CPU.Build.0 = Release|Any CPU
		{77A27CFA-8CCB-4B56-8BEE-D488F2844B3E}.Debug|Any CPU.ActiveCfg = Debug|Any CPU
		{77A27CFA-8CCB-4B56-8BEE-D488F2844B3E}.Debug|Any CPU.Build.0 = Debug|Any CPU
		{77A27CFA-8CCB-4B56-8BEE-D488F2844B3E}.Release|Any CPU.ActiveCfg = Release|Any CPU
		{77A27CFA-8CCB-4B56-8BEE-D488F2844B3E}.Release|Any CPU.Build.0 = Release|Any CPU
		{21187D25-78A6-466A-AEFF-3AF64CE3F073}.Debug|Any CPU.ActiveCfg = Debug|Any CPU
		{21187D25-78A6-466A-AEFF-3AF64CE3F073}.Debug|Any CPU.Build.0 = Debug|Any CPU
		{21187D25-78A6-466A-AEFF-3AF64CE3F073}.Release|Any CPU.ActiveCfg = Release|Any CPU
		{21187D25-78A6-466A-AEFF-3AF64CE3F073}.Release|Any CPU.Build.0 = Release|Any CPU
		{663A78E3-F0DD-4533-8AE4-FDAA7EA4475B}.Debug|Any CPU.ActiveCfg = Debug|Any CPU
		{663A78E3-F0DD-4533-8AE4-FDAA7EA4475B}.Debug|Any CPU.Build.0 = Debug|Any CPU
		{663A78E3-F0DD-4533-8AE4-FDAA7EA4475B}.Release|Any CPU.ActiveCfg = Release|Any CPU
		{663A78E3-F0DD-4533-8AE4-FDAA7EA4475B}.Release|Any CPU.Build.0 = Release|Any CPU
		{F693B022-B1AD-404F-855D-B8AFBB24D8A6}.Debug|Any CPU.ActiveCfg = Debug|Any CPU
		{F693B022-B1AD-404F-855D-B8AFBB24D8A6}.Debug|Any CPU.Build.0 = Debug|Any CPU
		{F693B022-B1AD-404F-855D-B8AFBB24D8A6}.Release|Any CPU.ActiveCfg = Release|Any CPU
		{F693B022-B1AD-404F-855D-B8AFBB24D8A6}.Release|Any CPU.Build.0 = Release|Any CPU
		{6377DE1F-8B5C-4EC2-A626-741F6DA172B8}.Debug|Any CPU.ActiveCfg = Debug|Any CPU
		{6377DE1F-8B5C-4EC2-A626-741F6DA172B8}.Debug|Any CPU.Build.0 = Debug|Any CPU
		{6377DE1F-8B5C-4EC2-A626-741F6DA172B8}.Release|Any CPU.ActiveCfg = Release|Any CPU
		{6377DE1F-8B5C-4EC2-A626-741F6DA172B8}.Release|Any CPU.Build.0 = Release|Any CPU
		{1EE2E9DB-615A-4ACC-B377-5967DB2C8047}.Debug|Any CPU.ActiveCfg = Debug|Any CPU
		{1EE2E9DB-615A-4ACC-B377-5967DB2C8047}.Debug|Any CPU.Build.0 = Debug|Any CPU
		{1EE2E9DB-615A-4ACC-B377-5967DB2C8047}.Release|Any CPU.ActiveCfg = Release|Any CPU
		{1EE2E9DB-615A-4ACC-B377-5967DB2C8047}.Release|Any CPU.Build.0 = Release|Any CPU
		{4A9521B0-5D18-4D36-B769-8C4F507FF1B5}.Debug|Any CPU.ActiveCfg = Debug|Any CPU
		{4A9521B0-5D18-4D36-B769-8C4F507FF1B5}.Debug|Any CPU.Build.0 = Debug|Any CPU
		{4A9521B0-5D18-4D36-B769-8C4F507FF1B5}.Release|Any CPU.ActiveCfg = Release|Any CPU
		{4A9521B0-5D18-4D36-B769-8C4F507FF1B5}.Release|Any CPU.Build.0 = Release|Any CPU
		{44C3AA83-8D24-4F42-A18A-C980942D23E5}.Debug|Any CPU.ActiveCfg = Debug|Any CPU
		{44C3AA83-8D24-4F42-A18A-C980942D23E5}.Debug|Any CPU.Build.0 = Debug|Any CPU
		{44C3AA83-8D24-4F42-A18A-C980942D23E5}.Release|Any CPU.ActiveCfg = Release|Any CPU
		{44C3AA83-8D24-4F42-A18A-C980942D23E5}.Release|Any CPU.Build.0 = Release|Any CPU
		{207E0A28-2AD7-4290-BC99-16F6CEA21970}.Debug|Any CPU.ActiveCfg = Debug|Any CPU
		{207E0A28-2AD7-4290-BC99-16F6CEA21970}.Debug|Any CPU.Build.0 = Debug|Any CPU
		{207E0A28-2AD7-4290-BC99-16F6CEA21970}.Release|Any CPU.ActiveCfg = Release|Any CPU
		{207E0A28-2AD7-4290-BC99-16F6CEA21970}.Release|Any CPU.Build.0 = Release|Any CPU
		{5A8964A0-D5C1-4676-A4FA-9F3253FDAEC0}.Debug|Any CPU.ActiveCfg = Debug|Any CPU
		{5A8964A0-D5C1-4676-A4FA-9F3253FDAEC0}.Debug|Any CPU.Build.0 = Debug|Any CPU
		{5A8964A0-D5C1-4676-A4FA-9F3253FDAEC0}.Release|Any CPU.ActiveCfg = Release|Any CPU
		{5A8964A0-D5C1-4676-A4FA-9F3253FDAEC0}.Release|Any CPU.Build.0 = Release|Any CPU
	EndGlobalSection
	GlobalSection(SolutionProperties) = preSolution
		HideSolutionNode = FALSE
	EndGlobalSection
	GlobalSection(NestedProjects) = preSolution
		{58C2FF29-AB83-4E3C-83E3-B647B5BE688C} = {3055A533-0B46-42D2-85CE-D8132522B9B9}
		{70C8DE58-E2E4-40A2-A8CF-9BBEC51ADE58} = {3055A533-0B46-42D2-85CE-D8132522B9B9}
		{B43C5821-277E-47AD-8ABC-E308092FA9E8} = {55BB3546-111B-4941-8EFD-7072A3E6E1E8}
		{A1963FFF-0BE0-41CB-908F-90678B67B723} = {55BB3546-111B-4941-8EFD-7072A3E6E1E8}
		{50EA01DB-E1B5-4C69-A112-4F961793A634} = {55BB3546-111B-4941-8EFD-7072A3E6E1E8}
		{FDE402D1-CB0B-4EA1-B98A-AFF2878E7F8A} = {55BB3546-111B-4941-8EFD-7072A3E6E1E8}
		{E16314AC-1B68-4525-9F9A-3BD09B748F17} = {24639093-917A-4F0E-A363-E17F1CE3EB9C}
		{EEF406AD-6A48-4F7D-8737-2B5AA54A5DF0} = {24639093-917A-4F0E-A363-E17F1CE3EB9C}
		{96D60A6F-D7CD-46E0-84A5-F9D8B0F6C505} = {24639093-917A-4F0E-A363-E17F1CE3EB9C}
		{96642620-2AF0-4D48-BBC7-169B46E3A0E7} = {24639093-917A-4F0E-A363-E17F1CE3EB9C}
		{EC9DCC1C-82C6-415A-BE8F-9E45F1FB42AB} = {24639093-917A-4F0E-A363-E17F1CE3EB9C}
		{A61B28E1-2CCA-42F4-9979-E9FCDFD873A8} = {01AE2F2F-210F-4C1F-AC08-83CA6AD76356}
		{596934AF-7AB0-46E9-BF01-735D80FDD6D0} = {6A7DDB42-1991-4DA2-A8D3-AC9194D8C0AC}
		{4F902160-5317-4E03-BE6D-F9DADA45106A} = {6A7DDB42-1991-4DA2-A8D3-AC9194D8C0AC}
		{D0C1F965-4ED2-41C4-928E-886CC70C6BFB} = {CC937C1D-3396-44D8-9A5E-A53E68D75BB0}
		{77A27CFA-8CCB-4B56-8BEE-D488F2844B3E} = {6A7DDB42-1991-4DA2-A8D3-AC9194D8C0AC}
		{21187D25-78A6-466A-AEFF-3AF64CE3F073} = {6A7DDB42-1991-4DA2-A8D3-AC9194D8C0AC}
		{663A78E3-F0DD-4533-8AE4-FDAA7EA4475B} = {CC937C1D-3396-44D8-9A5E-A53E68D75BB0}
		{F693B022-B1AD-404F-855D-B8AFBB24D8A6} = {8E91232E-A320-477B-BDA7-293FDF0ED4C5}
		{8E91232E-A320-477B-BDA7-293FDF0ED4C5} = {CC937C1D-3396-44D8-9A5E-A53E68D75BB0}
		{6A7DDB42-1991-4DA2-A8D3-AC9194D8C0AC} = {CC937C1D-3396-44D8-9A5E-A53E68D75BB0}
		{6377DE1F-8B5C-4EC2-A626-741F6DA172B8} = {CFEC3055-DF5A-4C1F-BFE6-81162ED27E7E}
		{44C3AA83-8D24-4F42-A18A-C980942D23E5} = {954B83F8-0587-4658-BD77-CE1ADC2BA260}
		{207E0A28-2AD7-4290-BC99-16F6CEA21970} = {245F88F7-053B-4BF6-9791-CD0F2F865DF7}
		{5A8964A0-D5C1-4676-A4FA-9F3253FDAEC0} = {245F88F7-053B-4BF6-9791-CD0F2F865DF7}
	EndGlobalSection
EndGlobal
